[root]
name = "ProjectEulerRust"
version = "0.0.1"
dependencies = [
 "cont_frac 0.0.1",
 "curl 0.1.0 (git+https://github.com/carllerche/curl-rust)",
 "glob 0.0.3 (git+https://github.com/rust-lang/glob)",
 "integer 0.0.1",
 "iter 0.0.1",
 "num 0.0.4 (git+https://github.com/rust-lang/num)",
 "playing_card 0.0.1",
 "prime 0.0.1",
 "seq 0.0.1",
 "time 0.0.3 (git+https://github.com/rust-lang/time)",
]

[[package]]
name = "cont_frac"
version = "0.0.1"
dependencies = [
 "integer 0.0.1",
]

[[package]]
name = "curl"
version = "0.1.0"
source = "git+https://github.com/carllerche/curl-rust#c1b96e146f6752353a1e84cca932c628e6bf73af"
dependencies = [
 "curl-sys 0.1.0 (git+https://github.com/carllerche/curl-rust)",
 "url 0.1.0 (git+https://github.com/servo/rust-url)",
]

[[package]]
name = "curl-sys"
version = "0.1.0"
source = "git+https://github.com/carllerche/curl-rust#c1b96e146f6752353a1e84cca932c628e6bf73af"
dependencies = [
 "libz-sys 0.0.1 (git+https://github.com/alexcrichton/libz-sys)",
 "openssl-sys 0.0.1 (git+https://github.com/sfackler/rust-openssl)",
 "pkg-config 0.0.1 (git+https://github.com/alexcrichton/pkg-config-rs)",
]

[[package]]
name = "gcc"
version = "0.0.2"
source = "registry+https://github.com/rust-lang/crates.io-index"

[[package]]
name = "glob"
version = "0.0.3"
source = "git+https://github.com/rust-lang/glob#9efe98bd82ad4932819888a94eb933ac618312f0"

[[package]]
name = "integer"
version = "0.0.1"
dependencies = [
 "num 0.0.4 (git+https://github.com/rust-lang/num)",
]

[[package]]
name = "iter"
version = "0.0.1"

[[package]]
name = "libz-sys"
version = "0.0.1"
source = "git+https://github.com/alexcrichton/libz-sys#37926b786b09e013e5fd64cc278b3df1b49c4fbe"
dependencies = [
 "pkg-config 0.0.1 (git+https://github.com/alexcrichton/pkg-config-rs)",
]

[[package]]
name = "num"
version = "0.0.4"
source = "git+https://github.com/rust-lang/num#8f8530fc00c1ab753c5051b457eb9b4b52926373"

[[package]]
name = "openssl-sys"
version = "0.0.1"
source = "git+https://github.com/sfackler/rust-openssl#b084ddc7b0fe9c7816fef6e415a05db6ec43fb71"
dependencies = [
 "pkg-config 0.0.1 (git+https://github.com/alexcrichton/pkg-config-rs)",
]

[[package]]
name = "pkg-config"
version = "0.0.1"
source = "git+https://github.com/alexcrichton/pkg-config-rs#d24a08d87d63df8dc9526c503944415b86719220"

[[package]]
name = "playing_card"
version = "0.0.1"

[[package]]
name = "prime"
version = "0.0.1"
dependencies = [
 "num 0.0.4 (git+https://github.com/rust-lang/num)",
]

[[package]]
name = "seq"
version = "0.0.1"
dependencies = [
 "num 0.0.4 (git+https://github.com/rust-lang/num)",
]

[[package]]
name = "time"
version = "0.0.3"
source = "git+https://github.com/rust-lang/time#44aec0e7996fc0f2e76eeb2215f8fd78e1965e46"
dependencies = [
 "gcc 0.0.2 (registry+https://github.com/rust-lang/crates.io-index)",
]

[[package]]
name = "url"
version = "0.1.0"
source = "git+https://github.com/servo/rust-url#a838a41263472de966f7ec8db758caa9cc4699a4"

