[root]
name = "ProjectEulerRust"
version = "0.0.1"
dependencies = [
 "glob 0.0.1 (git+https://github.com/rust-lang/glob#88738e0c5ab490b5a9f5e645cf83e4ba043ad1d2)",
 "prime 0.0.1",
 "seq 0.0.1",
]

[[package]]
name = "glob"
version = "0.0.1"
source = "git+https://github.com/rust-lang/glob#88738e0c5ab490b5a9f5e645cf83e4ba043ad1d2"

[[package]]
name = "prime"
version = "0.0.1"

[[package]]
name = "seq"
version = "0.0.1"

